{
  "lockfileVersion": 1,
  "configVersion": 1,
  "workspaces": {
    "": {
      "name": "ts-mocker",
      "devDependencies": {
        "better-dx": "^0.2.7",
      },
    },
    "packages/af": {
      "name": "@mock-locale/af",
      "version": "0.1.7",
      "devDependencies": {
        "@types/bun": "^1.3.1",
        "bun-plugin-dtsx": "0.21.17",
        "bunfig": "^0.15.6",
        "typescript": "^5.9.3",
      },
      "peerDependencies": {
        "ts-mocker": "workspace:*",
      },
    },
    "packages/af-za": {
      "name": "@mock-locale/af-za",
      "version": "0.1.7",
      "devDependencies": {
        "@types/bun": "^1.3.1",
        "bun-plugin-dtsx": "0.21.17",
        "bunfig": "^0.15.6",
        "typescript": "^5.9.3",
      },
      "peerDependencies": {
        "ts-mocker": "workspace:*",
      },
    },
    "packages/ar": {
      "name": "@mock-locale/ar",
      "version": "0.1.7",
      "devDependencies": {
        "@types/bun": "^1.3.1",
        "bun-plugin-dtsx": "0.21.17",
        "bunfig": "^0.15.6",
        "typescript": "^5.9.3",
      },
      "peerDependencies": {
        "ts-mocker": "workspace:*",
      },
    },
    "packages/az": {
      "name": "@mock-locale/az",
      "version": "0.1.7",
      "devDependencies": {
        "@types/bun": "^1.3.1",
        "bun-plugin-dtsx": "0.21.17",
        "bunfig": "^0.15.6",
        "typescript": "^5.9.3",
      },
      "peerDependencies": {
        "ts-mocker": "workspace:*",
      },
    },
    "packages/benchmarks": {
      "name": "@ts-mocker/benchmarks",
      "version": "0.1.7",
      "dependencies": {
        "@faker-js/faker": "^10.3.0",
        "@ngneat/falso": "^8.0.2",
        "casual": "^1.6.2",
        "chance": "^1.1.13",
        "tinybench": "^5.1.0",
        "ts-mocker": "workspace:*",
      },
      "devDependencies": {
        "@types/chance": "^1.1.7",
      },
    },
    "packages/core": {
      "name": "ts-mocker",
      "version": "0.1.7",
      "bin": {
        "ts-mocker": "./dist/bin/cli.js",
        "mock": "./dist/bin/cli.js",
      },
      "dependencies": {
        "@stacksjs/clapp": "^0.2.0",
      },
      "devDependencies": {
        "@types/bun": "^1.3.1",
        "bunfig": "^0.15.6",
      },
    },
    "packages/cs": {
      "name": "@mock-locale/cs",
      "version": "0.1.7",
      "devDependencies": {
        "@types/bun": "^1.3.1",
        "bun-plugin-dtsx": "0.21.17",
        "bunfig": "^0.15.6",
        "typescript": "^5.9.3",
      },
      "peerDependencies": {
        "ts-mocker": "workspace:*",
      },
    },
    "packages/da": {
      "name": "@mock-locale/da",
      "version": "0.1.7",
      "devDependencies": {
        "@types/bun": "^1.3.1",
        "bun-plugin-dtsx": "0.21.17",
        "bunfig": "^0.15.6",
        "typescript": "^5.9.3",
      },
      "peerDependencies": {
        "ts-mocker": "workspace:*",
      },
    },
    "packages/de": {
      "name": "@mock-locale/de",
      "version": "0.1.7",
      "devDependencies": {
        "@types/bun": "^1.3.1",
        "bun-plugin-dtsx": "0.21.17",
        "bunfig": "^0.15.6",
        "typescript": "^5.9.3",
      },
      "peerDependencies": {
        "ts-mocker": "workspace:*",
      },
    },
    "packages/de-at": {
      "name": "@mock-locale/de-at",
      "version": "0.1.7",
      "devDependencies": {
        "@types/bun": "^1.3.1",
        "bun-plugin-dtsx": "0.21.17",
        "bunfig": "^0.15.6",
        "typescript": "^5.9.3",
      },
      "peerDependencies": {
        "ts-mocker": "workspace:*",
      },
    },
    "packages/de-ch": {
      "name": "@mock-locale/de-ch",
      "version": "0.1.7",
      "devDependencies": {
        "@types/bun": "^1.3.1",
        "bun-plugin-dtsx": "0.21.17",
        "bunfig": "^0.15.6",
        "typescript": "^5.9.3",
      },
      "peerDependencies": {
        "ts-mocker": "workspace:*",
      },
    },
    "packages/en": {
      "name": "@mock-locale/en",
      "version": "0.1.7",
      "devDependencies": {
        "@types/bun": "^1.3.1",
        "bun-plugin-dtsx": "0.21.17",
        "bunfig": "^0.15.6",
        "typescript": "^5.9.3",
      },
      "peerDependencies": {
        "ts-mocker": "workspace:*",
      },
    },
    "packages/en-ca": {
      "name": "@mock-locale/en-ca",
      "version": "0.1.7",
      "devDependencies": {
        "@types/bun": "^1.3.1",
        "bun-plugin-dtsx": "0.21.17",
        "bunfig": "^0.15.6",
        "typescript": "^5.9.3",
      },
      "peerDependencies": {
        "ts-mocker": "workspace:*",
      },
    },
    "packages/en-gb": {
      "name": "@mock-locale/en-gb",
      "version": "0.1.7",
      "devDependencies": {
        "@types/bun": "^1.3.1",
        "bun-plugin-dtsx": "0.21.17",
        "bunfig": "^0.15.6",
        "typescript": "^5.9.3",
      },
      "peerDependencies": {
        "ts-mocker": "workspace:*",
      },
    },
    "packages/en-gh": {
      "name": "@mock-locale/en-gh",
      "version": "0.1.7",
      "devDependencies": {
        "@types/bun": "^1.3.1",
        "bun-plugin-dtsx": "0.21.17",
        "bunfig": "^0.15.6",
        "typescript": "^5.9.3",
      },
      "peerDependencies": {
        "ts-mocker": "workspace:*",
      },
    },
    "packages/en-hk": {
      "name": "@mock-locale/en-hk",
      "version": "0.1.7",
      "devDependencies": {
        "@types/bun": "^1.3.1",
        "bun-plugin-dtsx": "0.21.17",
        "bunfig": "^0.15.6",
        "typescript": "^5.9.3",
      },
      "peerDependencies": {
        "ts-mocker": "workspace:*",
      },
    },
    "packages/en-ie": {
      "name": "@mock-locale/en-ie",
      "version": "0.1.7",
      "devDependencies": {
        "@types/bun": "^1.3.1",
        "bun-plugin-dtsx": "0.21.17",
        "bunfig": "^0.15.6",
        "typescript": "^5.9.3",
      },
      "peerDependencies": {
        "ts-mocker": "workspace:*",
      },
    },
    "packages/en-in": {
      "name": "@mock-locale/en-in",
      "version": "0.1.7",
      "devDependencies": {
        "@types/bun": "^1.3.1",
        "bun-plugin-dtsx": "0.21.17",
        "bunfig": "^0.15.6",
        "typescript": "^5.9.3",
      },
      "peerDependencies": {
        "ts-mocker": "workspace:*",
      },
    },
    "packages/en-ng": {
      "name": "@mock-locale/en-ng",
      "version": "0.1.7",
      "devDependencies": {
        "@types/bun": "^1.3.1",
        "bun-plugin-dtsx": "0.21.17",
        "bunfig": "^0.15.6",
        "typescript": "^5.9.3",
      },
      "peerDependencies": {
        "ts-mocker": "workspace:*",
      },
    },
    "packages/en-us": {
      "name": "@mock-locale/en-us",
      "version": "0.1.7",
      "devDependencies": {
        "@types/bun": "^1.3.1",
        "bun-plugin-dtsx": "0.21.17",
        "bunfig": "^0.15.6",
        "typescript": "^5.9.3",
      },
      "peerDependencies": {
        "ts-mocker": "workspace:*",
      },
    },
    "packages/en-za": {
      "name": "@mock-locale/en-za",
      "version": "0.1.7",
      "devDependencies": {
        "@types/bun": "^1.3.1",
        "bun-plugin-dtsx": "0.21.17",
        "bunfig": "^0.15.6",
        "typescript": "^5.9.3",
      },
      "peerDependencies": {
        "ts-mocker": "workspace:*",
      },
    },
    "packages/eo": {
      "name": "@mock-locale/eo",
      "version": "0.1.7",
      "devDependencies": {
        "@types/bun": "^1.3.1",
        "bun-plugin-dtsx": "0.21.17",
        "bunfig": "^0.15.6",
        "typescript": "^5.9.3",
      },
      "peerDependencies": {
        "ts-mocker": "workspace:*",
      },
    },
    "packages/es": {
      "name": "@mock-locale/es",
      "version": "0.1.7",
      "devDependencies": {
        "@types/bun": "^1.3.1",
        "bun-plugin-dtsx": "0.21.17",
        "bunfig": "^0.15.6",
        "typescript": "^5.9.3",
      },
      "peerDependencies": {
        "ts-mocker": "workspace:*",
      },
    },
    "packages/es-mx": {
      "name": "@mock-locale/es-mx",
      "version": "0.1.7",
      "devDependencies": {
        "@types/bun": "^1.3.1",
        "bun-plugin-dtsx": "0.21.17",
        "bunfig": "^0.15.6",
        "typescript": "^5.9.3",
      },
      "peerDependencies": {
        "ts-mocker": "workspace:*",
      },
    },
    "packages/fa": {
      "name": "@mock-locale/fa",
      "version": "0.1.7",
      "devDependencies": {
        "@types/bun": "^1.3.1",
        "bun-plugin-dtsx": "0.21.17",
        "bunfig": "^0.15.6",
        "typescript": "^5.9.3",
      },
      "peerDependencies": {
        "ts-mocker": "workspace:*",
      },
    },
    "packages/fi": {
      "name": "@mock-locale/fi",
      "version": "0.1.7",
      "devDependencies": {
        "@types/bun": "^1.3.1",
        "bun-plugin-dtsx": "0.21.17",
        "bunfig": "^0.15.6",
        "typescript": "^5.9.3",
      },
      "peerDependencies": {
        "ts-mocker": "workspace:*",
      },
    },
    "packages/fr": {
      "name": "@mock-locale/fr",
      "version": "0.1.7",
      "devDependencies": {
        "@types/bun": "^1.3.1",
        "bun-plugin-dtsx": "0.21.17",
        "bunfig": "^0.15.6",
        "typescript": "^5.9.3",
      },
      "peerDependencies": {
        "ts-mocker": "workspace:*",
      },
    },
    "packages/fr-be": {
      "name": "@mock-locale/fr-be",
      "version": "0.1.7",
      "devDependencies": {
        "@types/bun": "^1.3.1",
        "bun-plugin-dtsx": "0.21.17",
        "bunfig": "^0.15.6",
        "typescript": "^5.9.3",
      },
      "peerDependencies": {
        "ts-mocker": "workspace:*",
      },
    },
    "packages/fr-ca": {
      "name": "@mock-locale/fr-ca",
      "version": "0.1.7",
      "devDependencies": {
        "@types/bun": "^1.3.10",
        "bun-plugin-dtsx": "0.21.17",
        "bunfig": "^0.15.6",
        "typescript": "^5.9.3",
      },
      "peerDependencies": {
        "ts-mocker": "workspace:*",
      },
    },
    "packages/fr-ch": {
      "name": "@mock-locale/fr-ch",
      "version": "0.1.7",
      "devDependencies": {
        "@types/bun": "^1.3.1",
        "bun-plugin-dtsx": "0.21.17",
        "bunfig": "^0.15.6",
        "typescript": "^5.9.3",
      },
      "peerDependencies": {
        "ts-mocker": "workspace:*",
      },
    },
    "packages/fr-lu": {
      "name": "@mock-locale/fr-lu",
      "version": "0.1.7",
      "devDependencies": {
        "@types/bun": "^1.3.1",
        "bun-plugin-dtsx": "0.21.17",
        "bunfig": "^0.15.6",
        "typescript": "^5.9.3",
      },
      "peerDependencies": {
        "ts-mocker": "workspace:*",
      },
    },
    "packages/fr-sn": {
      "name": "@mock-locale/fr-sn",
      "version": "0.1.7",
      "devDependencies": {
        "@types/bun": "^1.3.1",
        "bun-plugin-dtsx": "0.21.17",
        "bunfig": "^0.15.6",
        "typescript": "^5.9.3",
      },
      "peerDependencies": {
        "ts-mocker": "workspace:*",
      },
    },
    "packages/he": {
      "name": "@mock-locale/he",
      "version": "0.1.7",
      "devDependencies": {
        "@types/bun": "^1.3.1",
        "bun-plugin-dtsx": "0.21.17",
        "bunfig": "^0.15.6",
        "typescript": "^5.9.3",
      },
      "peerDependencies": {
        "ts-mocker": "workspace:*",
      },
    },
    "packages/hi": {
      "name": "@mock-locale/hi",
      "version": "0.1.7",
      "devDependencies": {
        "@types/bun": "^1.3.1",
        "bun-plugin-dtsx": "0.21.17",
        "bunfig": "^0.15.6",
        "typescript": "^5.9.3",
      },
      "peerDependencies": {
        "ts-mocker": "workspace:*",
      },
    },
    "packages/it": {
      "name": "@mock-locale/it",
      "version": "0.1.7",
      "devDependencies": {
        "@types/bun": "^1.3.1",
        "bun-plugin-dtsx": "0.21.17",
        "bunfig": "^0.15.6",
        "typescript": "^5.9.3",
      },
      "peerDependencies": {
        "ts-mocker": "workspace:*",
      },
    },
    "packages/ja": {
      "name": "@mock-locale/ja",
      "version": "0.1.7",
      "devDependencies": {
        "@types/bun": "^1.3.1",
        "bun-plugin-dtsx": "0.21.17",
        "bunfig": "^0.15.6",
        "typescript": "^5.9.3",
      },
      "peerDependencies": {
        "ts-mocker": "workspace:*",
      },
    },
    "packages/ko": {
      "name": "@mock-locale/ko",
      "version": "0.1.7",
      "devDependencies": {
        "@types/bun": "^1.3.1",
        "bun-plugin-dtsx": "0.21.17",
        "bunfig": "^0.15.6",
        "typescript": "^5.9.3",
      },
      "peerDependencies": {
        "ts-mocker": "workspace:*",
      },
    },
    "packages/nl": {
      "name": "@mock-locale/nl",
      "version": "0.1.7",
      "devDependencies": {
        "@types/bun": "^1.3.1",
        "bun-plugin-dtsx": "0.21.17",
        "bunfig": "^0.15.6",
        "typescript": "^5.9.3",
      },
      "peerDependencies": {
        "ts-mocker": "workspace:*",
      },
    },
    "packages/no": {
      "name": "@mock-locale/no",
      "version": "0.1.7",
      "devDependencies": {
        "@types/bun": "^1.3.1",
        "bun-plugin-dtsx": "0.21.17",
        "bunfig": "^0.15.6",
        "typescript": "^5.9.3",
      },
      "peerDependencies": {
        "ts-mocker": "workspace:*",
      },
    },
    "packages/pl": {
      "name": "@mock-locale/pl",
      "version": "0.1.7",
      "devDependencies": {
        "@types/bun": "^1.3.1",
        "bun-plugin-dtsx": "0.21.17",
        "bunfig": "^0.15.6",
        "typescript": "^5.9.3",
      },
      "peerDependencies": {
        "ts-mocker": "workspace:*",
      },
    },
    "packages/pt": {
      "name": "@mock-locale/pt",
      "version": "0.1.7",
      "devDependencies": {
        "@types/bun": "^1.3.1",
        "bun-plugin-dtsx": "0.21.17",
        "bunfig": "^0.15.6",
        "typescript": "^5.9.3",
      },
      "peerDependencies": {
        "ts-mocker": "workspace:*",
      },
    },
    "packages/pt-mz": {
      "name": "@mock-locale/pt-mz",
      "version": "0.1.7",
      "devDependencies": {
        "@types/bun": "^1.3.1",
        "bun-plugin-dtsx": "0.21.17",
        "bunfig": "^0.15.6",
        "typescript": "^5.9.3",
      },
      "peerDependencies": {
        "ts-mocker": "workspace:*",
      },
    },
    "packages/sv": {
      "name": "@mock-locale/sv",
      "version": "0.1.7",
      "devDependencies": {
        "@types/bun": "^1.3.1",
        "bun-plugin-dtsx": "0.21.17",
        "bunfig": "^0.15.6",
        "typescript": "^5.9.3",
      },
      "peerDependencies": {
        "ts-mocker": "workspace:*",
      },
    },
    "packages/tl": {
      "name": "@mock-locale/tl",
      "version": "0.1.7",
      "devDependencies": {
        "@types/bun": "^1.3.1",
        "bun-plugin-dtsx": "0.21.17",
        "bunfig": "^0.15.6",
        "typescript": "^5.9.3",
      },
      "peerDependencies": {
        "ts-mocker": "workspace:*",
      },
    },
    "packages/tr": {
      "name": "@mock-locale/tr",
      "version": "0.1.7",
      "devDependencies": {
        "@types/bun": "^1.3.1",
        "bun-plugin-dtsx": "0.21.17",
        "bunfig": "^0.15.6",
        "typescript": "^5.9.3",
      },
      "peerDependencies": {
        "ts-mocker": "workspace:*",
      },
    },
    "packages/uk": {
      "name": "@mock-locale/uk",
      "version": "0.1.7",
      "devDependencies": {
        "@types/bun": "^1.3.1",
        "bun-plugin-dtsx": "0.21.17",
        "bunfig": "^0.15.6",
        "typescript": "^5.9.3",
      },
      "peerDependencies": {
        "ts-mocker": "workspace:*",
      },
    },
    "packages/zh": {
      "name": "@mock-locale/zh",
      "version": "0.1.7",
      "devDependencies": {
        "@types/bun": "^1.3.1",
        "bun-plugin-dtsx": "0.21.17",
        "bunfig": "^0.15.6",
        "typescript": "^5.9.3",
      },
      "peerDependencies": {
        "ts-mocker": "workspace:*",
      },
    },
    "packages/zh-cn": {
      "name": "@mock-locale/zh-cn",
      "version": "0.1.7",
      "devDependencies": {
        "@types/bun": "^1.3.1",
        "bun-plugin-dtsx": "0.21.17",
        "bunfig": "^0.15.6",
        "typescript": "^5.9.3",
      },
      "peerDependencies": {
        "ts-mocker": "workspace:*",
      },
    },
    "packages/zh-tw": {
      "name": "@mock-locale/zh-tw",
      "version": "0.1.7",
      "devDependencies": {
        "@types/bun": "^1.3.1",
        "bun-plugin-dtsx": "0.21.17",
        "bunfig": "^0.15.6",
        "typescript": "^5.9.3",
      },
      "peerDependencies": {
        "ts-mocker": "workspace:*",
      },
    },
    "packages/zu": {
      "name": "@mock-locale/zu",
      "version": "0.1.7",
      "devDependencies": {
        "@types/bun": "^1.3.1",
        "bun-plugin-dtsx": "0.21.17",
        "bunfig": "^0.15.6",
        "typescript": "^5.9.3",
      },
      "peerDependencies": {
        "ts-mocker": "workspace:*",
      },
    },
    "packages/zu-za": {
      "name": "@mock-locale/zu-za",
      "version": "0.1.7",
      "devDependencies": {
        "@types/bun": "^1.3.1",
        "bun-plugin-dtsx": "0.21.17",
        "bunfig": "^0.15.6",
        "typescript": "^5.9.3",
      },
      "peerDependencies": {
        "ts-mocker": "workspace:*",
      },
    },
  },
  "packages": {
    "@faker-js/faker": ["@faker-js/faker@10.3.0", "", {}, "sha512-It0Sne6P3szg7JIi6CgKbvTZoMjxBZhcv91ZrqrNuaZQfB5WoqYYbzCUOq89YR+VY8juY9M1vDWmDDa2TzfXCw=="],

    "@mock-locale/af": ["@mock-locale/af@workspace:packages/af"],

    "@mock-locale/af-za": ["@mock-locale/af-za@workspace:packages/af-za"],

    "@mock-locale/ar": ["@mock-locale/ar@workspace:packages/ar"],

    "@mock-locale/az": ["@mock-locale/az@workspace:packages/az"],

    "@mock-locale/cs": ["@mock-locale/cs@workspace:packages/cs"],

    "@mock-locale/da": ["@mock-locale/da@workspace:packages/da"],

    "@mock-locale/de": ["@mock-locale/de@workspace:packages/de"],

    "@mock-locale/de-at": ["@mock-locale/de-at@workspace:packages/de-at"],

    "@mock-locale/de-ch": ["@mock-locale/de-ch@workspace:packages/de-ch"],

    "@mock-locale/en": ["@mock-locale/en@workspace:packages/en"],

    "@mock-locale/en-ca": ["@mock-locale/en-ca@workspace:packages/en-ca"],

    "@mock-locale/en-gb": ["@mock-locale/en-gb@workspace:packages/en-gb"],

    "@mock-locale/en-gh": ["@mock-locale/en-gh@workspace:packages/en-gh"],

    "@mock-locale/en-hk": ["@mock-locale/en-hk@workspace:packages/en-hk"],

    "@mock-locale/en-ie": ["@mock-locale/en-ie@workspace:packages/en-ie"],

    "@mock-locale/en-in": ["@mock-locale/en-in@workspace:packages/en-in"],

    "@mock-locale/en-ng": ["@mock-locale/en-ng@workspace:packages/en-ng"],

    "@mock-locale/en-us": ["@mock-locale/en-us@workspace:packages/en-us"],

    "@mock-locale/en-za": ["@mock-locale/en-za@workspace:packages/en-za"],

    "@mock-locale/eo": ["@mock-locale/eo@workspace:packages/eo"],

    "@mock-locale/es": ["@mock-locale/es@workspace:packages/es"],

    "@mock-locale/es-mx": ["@mock-locale/es-mx@workspace:packages/es-mx"],

    "@mock-locale/fa": ["@mock-locale/fa@workspace:packages/fa"],

    "@mock-locale/fi": ["@mock-locale/fi@workspace:packages/fi"],

    "@mock-locale/fr": ["@mock-locale/fr@workspace:packages/fr"],

    "@mock-locale/fr-be": ["@mock-locale/fr-be@workspace:packages/fr-be"],

    "@mock-locale/fr-ca": ["@mock-locale/fr-ca@workspace:packages/fr-ca"],

    "@mock-locale/fr-ch": ["@mock-locale/fr-ch@workspace:packages/fr-ch"],

    "@mock-locale/fr-lu": ["@mock-locale/fr-lu@workspace:packages/fr-lu"],

    "@mock-locale/fr-sn": ["@mock-locale/fr-sn@workspace:packages/fr-sn"],

    "@mock-locale/he": ["@mock-locale/he@workspace:packages/he"],

    "@mock-locale/hi": ["@mock-locale/hi@workspace:packages/hi"],

    "@mock-locale/it": ["@mock-locale/it@workspace:packages/it"],

    "@mock-locale/ja": ["@mock-locale/ja@workspace:packages/ja"],

    "@mock-locale/ko": ["@mock-locale/ko@workspace:packages/ko"],

    "@mock-locale/nl": ["@mock-locale/nl@workspace:packages/nl"],

    "@mock-locale/no": ["@mock-locale/no@workspace:packages/no"],

    "@mock-locale/pl": ["@mock-locale/pl@workspace:packages/pl"],

    "@mock-locale/pt": ["@mock-locale/pt@workspace:packages/pt"],

    "@mock-locale/pt-mz": ["@mock-locale/pt-mz@workspace:packages/pt-mz"],

    "@mock-locale/sv": ["@mock-locale/sv@workspace:packages/sv"],

    "@mock-locale/tl": ["@mock-locale/tl@workspace:packages/tl"],

    "@mock-locale/tr": ["@mock-locale/tr@workspace:packages/tr"],

    "@mock-locale/uk": ["@mock-locale/uk@workspace:packages/uk"],

    "@mock-locale/zh": ["@mock-locale/zh@workspace:packages/zh"],

    "@mock-locale/zh-cn": ["@mock-locale/zh-cn@workspace:packages/zh-cn"],

    "@mock-locale/zh-tw": ["@mock-locale/zh-tw@workspace:packages/zh-tw"],

    "@mock-locale/zu": ["@mock-locale/zu@workspace:packages/zu"],

    "@mock-locale/zu-za": ["@mock-locale/zu-za@workspace:packages/zu-za"],

    "@ngneat/falso": ["@ngneat/falso@8.0.2", "", { "dependencies": { "seedrandom": "3.0.5", "uuid": "8.3.2" } }, "sha512-vhPtuoHoxE5JGWPSPBqEyTXcjI4MAn8GllR+Vs8FfpAQu2sQRd4PJc3e8kc9vdbdhYHx1C9HmbECgtGLK30z4w=="],

    "@stacksjs/bumpx": ["@stacksjs/bumpx@0.2.4", "", { "dependencies": { "@stacksjs/clapp": "^0.2.0", "@stacksjs/logsmith": "^0.2.1", "bunfig": "^0.15.6" }, "bin": { "bumpx": "dist/bin/cli.js" } }, "sha512-bt14GhW4QJKqmAgfTyjW0pDblDu+y6+DSX8xva1HnLk2GtLyQe0YXUs51dUvZBFgYVHcHEUijNoj2pivuwIcjQ=="],

    "@stacksjs/bunpress": ["@stacksjs/bunpress@0.1.1", "", { "dependencies": { "@stacksjs/ts-md": "^0.1.1" }, "optionalDependencies": { "@stacksjs/ts-cloud": "^0.1.7", "@stacksjs/ts-cloud-aws-types": "^0.1.7", "@stacksjs/ts-cloud-core": "^0.1.7", "@stacksjs/ts-cloud-types": "^0.1.7" }, "bin": { "bunpress": "./dist/bin/cli.js" } }, "sha512-hof1B0LBTWAWSWlp7+ya5JFlN9967wBNyFFmzp19tSWPFStOJRwbZ881uCrCs/iWRaj968sOrn+ELzrV01LZEg=="],

    "@stacksjs/clapp": ["@stacksjs/clapp@0.2.0", "", { "dependencies": { "mri": "^1.2.0", "wrap-ansi": "^9.0.0" }, "bin": { "clapp": "dist/bin/cli.js", "@stacksjs/clapp": "dist/bin/cli.js" } }, "sha512-dSqnbeZjXnQLLvVxC5NU7D9Vpjxc6cC9Bo2ZwaqjgruK7pbVoFCI0goc9Mtf/lfSTbTx6Uvv/mbY7+cOW/j3Og=="],

    "@stacksjs/clarity": ["@stacksjs/clarity@0.3.24", "", { "bin": { "clarity": "dist/bin/cli.js" } }, "sha512-QN21fT/9dovcuFTkni9LFHDzBpiBZ4Q//0a3vFJsckPiblNIu1RhwwePkkTK4j6Xu2DtVYGR60/9Scdrp6wRfw=="],

    "@stacksjs/dtsx": ["@stacksjs/dtsx@0.9.13", "", { "dependencies": { "@stacksjs/clapp": "^0.2.0" }, "peerDependencies": { "typescript": ">=5.9.3" }, "bin": { "dtsx": "./dist/bin/cli.js" } }, "sha512-2/UvcKgRYuuY70q1SOMp/7Tj2eXBg8SOV7dvWAndyVyyukZiczR4kPkSxI6eTdJDVpe4MfEL0pPNlpBBtKrhIw=="],

    "@stacksjs/gitlint": ["@stacksjs/gitlint@0.1.5", "", { "bin": { "gitlint": "dist/bin/cli.js" } }, "sha512-5nSr6PN8/cRPdIz9Cj65Dh12N9gR7BPtJzR3rnqhAgpm5q0ihjmVTTybFQqigMcYuRpt2qX4HenV7YXuFOYScw=="],

    "@stacksjs/logsmith": ["@stacksjs/logsmith@0.2.1", "", { "dependencies": { "@stacksjs/clapp": "^0.2.0", "bunfig": "^0.15.6", "pickier": "^0.1.7" }, "bin": { "logsmith": "dist/bin/cli.js", "@stacksjs/logsmith": "dist/bin/cli.js" } }, "sha512-JbAnn0dWZDEBjks7qRd/L0kWbsD3Qi0uSFmCPkEU9fH0+eP6Fdl7mtnok2oVDUaNitWu97OJZHlFe/MV2ilgnA=="],

    "@stacksjs/ts-cloud": ["@stacksjs/ts-cloud@0.1.11", "", { "dependencies": { "fast-xml-parser": "^5.3.5", "ts-cloud-aws-types": "0.1.11", "ts-cloud-core": "0.1.11", "ts-cloud-types": "0.1.11" }, "bin": { "cloud": "./dist/bin/cli.js" } }, "sha512-WgKwgRdxV4cAXJjc6l7/xFgIFriijErBEbyPn+Hd6aNRhFxu6cJ9OeEkT3p3YvEOc9Pt8DL5SO1RhXcq8otphw=="],

    "@stacksjs/ts-cloud-aws-types": ["@stacksjs/ts-cloud-aws-types@0.1.9", "", {}, "sha512-eA6C+jTUl8/LJA3g9pqQdfirgHpjUjyH9hyRRk2hfQewXKuqr61BRQ6riVZm3+LGaFkyra1QlyZCStBrjGLBaA=="],

    "@stacksjs/ts-cloud-core": ["@stacksjs/ts-cloud-core@0.1.9", "", { "dependencies": { "@stacksjs/ts-cloud-aws-types": "0.1.9", "@stacksjs/ts-cloud-types": "0.1.9" } }, "sha512-9nitzYxEI709S4hUH8HcqkV5bJ/DGo8Dhn4RfPO8P4nvEpjecoP9ZqUxPxkSth7Ig9w4z/C9ArmHAnkSaFNNQw=="],

    "@stacksjs/ts-cloud-types": ["@stacksjs/ts-cloud-types@0.1.9", "", {}, "sha512-uBRtR/4CzSf2ZDDQ2vGM0ZSbxnxHaMkh/YLdSlXBhJuy30JMBKsos/CuHgBrL1W0CPETxwd9G+Bt7NQ7et6kkQ=="],

    "@stacksjs/ts-md": ["@stacksjs/ts-md@0.1.1", "", { "bin": { "md": "./bin/cli.ts" } }, "sha512-kvsSg7S3vHq65fnHIRggTLudN4n1sjkos86xLB62V6PVRa8iosYAmFKVDTGaJk+0MdsIoRwQbJ2vLWVcNQsgGw=="],

    "@ts-mocker/benchmarks": ["@ts-mocker/benchmarks@workspace:packages/benchmarks"],

    "@types/bun": ["@types/bun@1.3.10", "", { "dependencies": { "bun-types": "1.3.10" } }, "sha512-0+rlrUrOrTSskibryHbvQkDOWRJwJZqZlxrUs1u4oOoTln8+WIXBPmAuCF35SWB2z4Zl3E84Nl/D0P7803nigQ=="],

    "@types/chance": ["@types/chance@1.1.7", "", {}, "sha512-40you9610GTQPJyvjMBgmj9wiDO6qXhbfjizNYod/fmvLSfUUxURAJMTD8tjmbcZSsyYE5iEUox61AAcCjW/wQ=="],

    "@types/node": ["@types/node@25.3.3", "", { "dependencies": { "undici-types": "~7.18.0" } }, "sha512-DpzbrH7wIcBaJibpKo9nnSQL0MTRdnWttGyE5haGwK86xgMOkFLp7vEyfQPGLOJh5wNYiJ3V9PmUMDhV9u8kkQ=="],

    "ansi-regex": ["ansi-regex@6.2.2", "", {}, "sha512-Bq3SmSpyFHaWjPk8If9yc6svM8c56dB5BAtW4Qbw5jHTwwXXcTLoRMkpDJp6VL0XzlWaCHTXrkFURMYmD0sLqg=="],

    "ansi-styles": ["ansi-styles@6.2.3", "", {}, "sha512-4Dj6M28JB+oAH8kFkTLUo+a2jwOFkuqb3yucU0CANcRRUbxS0cP0nZYCGjcc3BNXwRIsUVmDGgzawme7zvJHvg=="],

    "better-dx": ["better-dx@0.2.7", "", { "peerDependencies": { "@stacksjs/bumpx": "^0.2.4", "@stacksjs/bunpress": "^0.1.1", "@stacksjs/clarity": "^0.3.24", "@stacksjs/gitlint": "^0.1.5", "@stacksjs/logsmith": "^0.2.1", "@types/bun": "^1.3.10", "buddy-bot": "^0.9.17", "bun-git-hooks": "^0.3.1", "bun-plugin-dtsx": "^0.9.13", "bunfig": "^0.15.6", "pickier": "^0.1.20", "ts-error-handling": "^0.1.1", "typescript": "^5.9.3" }, "bin": { "better-dx": "./dist/bin/cli.js", "dx": "./dist/bin/cli.js" } }, "sha512-J5Msp8jYKl4/YrTt/IWE32ZZg36/+M5klkAhSZb6Av5LGuFd7tylTerKq/8AwZxAYl9h8ZXV79Paygc+YjmCyw=="],

    "buddy-bot": ["buddy-bot@0.9.17", "", { "dependencies": { "bunfig": "^0.15.6", "prompts": "^2.4.2", "ts-pkgx": "^0.4.154" }, "bin": { "buddy-bot": "./dist/bin/cli.js" } }, "sha512-wAb6yviR5jLQ0DzgxuUa2P4MzPeaXgXiOPAfi25bprPaObGY+ja2FEzuCdfN8ahhYLTXKFL6aL5j5ne6wvAw+Q=="],

    "bun-git-hooks": ["bun-git-hooks@0.3.1", "", { "bin": { "git-hooks": "dist/bin/cli.js", "bun-git-hooks": "dist/bin/cli.js" } }, "sha512-Xs/QUqIYgBmLHSVr5VBLVbM5lZbUoAXKX2WZyoQDb2LlzcxC3BpBvMkMTQH75UuOJZwaRBq8yEe4IR6NckqdgQ=="],

    "bun-plugin-dtsx": ["bun-plugin-dtsx@0.21.17", "", { "dependencies": { "@stacksjs/dtsx": "^0.9.8" } }, "sha512-gikZdPs8f7aFPREb+gBn7kaDdjpfQSLIPpVbUI+I5dusAlENvlJmKQj06aq1oS3mP7yg3gdQJBRg+PlzUV5h9g=="],

    "bun-types": ["bun-types@1.3.10", "", { "dependencies": { "@types/node": "*" } }, "sha512-tcpfCCl6XWo6nCVnpcVrxQ+9AYN1iqMIzgrSKYMB/fjLtV2eyAVEg7AxQJuCq/26R6HpKWykQXuSOq/21RYcbg=="],

    "bunfig": ["bunfig@0.15.6", "", { "dependencies": { "@stacksjs/clapp": "^0.2.0", "@stacksjs/clarity": "^0.3.24" }, "bin": { "bunfig": "bin/cli.js" } }, "sha512-7ynPmrn1dN5F+0DtUVY0Vo2MZOOnSdb6hpQePwABEYIJ+d/rSb3vaOVUs3MFxwxWuaVc1FEStVJG6+kCgbLuyg=="],

    "casual": ["casual@1.6.2", "", { "dependencies": { "mersenne-twister": "^1.0.1", "moment": "^2.15.2" } }, "sha512-NQObL800rg32KZ9bBajHbyDjxLXxxuShChQg7A4tbSeG3n1t7VYGOSkzFSI9gkSgOHp+xilEJ7G0L5l6M30KYA=="],

    "chance": ["chance@1.1.13", "", {}, "sha512-V6lQCljcLznE7tUYUM9EOAnnKXbctE6j/rdQkYOHIWbfGQbrzTsAXNW9CdU5XCo4ArXQCj/rb6HgxPlmGJcaUg=="],

    "emoji-regex": ["emoji-regex@10.6.0", "", {}, "sha512-toUI84YS5YmxW219erniWD0CIVOo46xGKColeNQRgOzDorgBi1v4D71/OFzgD9GO2UGKIv1C3Sp8DAn0+j5w7A=="],

    "fast-xml-builder": ["fast-xml-builder@1.0.0", "", {}, "sha512-fpZuDogrAgnyt9oDDz+5DBz0zgPdPZz6D4IR7iESxRXElrlGTRkHJ9eEt+SACRJwT0FNFrt71DFQIUFBJfX/uQ=="],

    "fast-xml-parser": ["fast-xml-parser@5.4.2", "", { "dependencies": { "fast-xml-builder": "^1.0.0", "strnum": "^2.1.2" }, "bin": { "fxparser": "src/cli/cli.js" } }, "sha512-pw/6pIl4k0CSpElPEJhDppLzaixDEuWui2CUQQBH/ECDf7+y6YwA4Gf7Tyb0Rfe4DIMuZipYj4AEL0nACKglvQ=="],

    "fdir": ["fdir@6.5.0", "", { "peerDependencies": { "picomatch": "^3 || ^4" }, "optionalPeers": ["picomatch"] }, "sha512-tIbYtZbucOs0BRGqPJkshJUYdL+SDH7dVM8gjy+ERp3WAUjLEFJE+02kanyHtwjWOnwrKYBiwAmM0p4kLJAnXg=="],

    "get-east-asian-width": ["get-east-asian-width@1.5.0", "", {}, "sha512-CQ+bEO+Tva/qlmw24dCejulK5pMzVnUOFOijVogd3KQs07HnRIgp8TGipvCCRT06xeYEbpbgwaCxglFyiuIcmA=="],

    "kleur": ["kleur@3.0.3", "", {}, "sha512-eTIzlVOSUR+JxdDFepEYcBMtZ9Qqdef+rnzWdRZuMbOywu5tO2w2N7rqjoANZ5k9vywhL6Br1VRjUIgTQx4E8w=="],

    "mersenne-twister": ["mersenne-twister@1.1.0", "", {}, "sha512-mUYWsMKNrm4lfygPkL3OfGzOPTR2DBlTkBNHM//F6hGp8cLThY897crAlk3/Jo17LEOOjQUrNAx6DvgO77QJkA=="],

    "moment": ["moment@2.30.1", "", {}, "sha512-uEmtNhbDOrWPFS+hdjFCBfy9f2YoyzRpwcl+DqpC6taX21FzsTLQVbMV/W7PzNSX6x/bhC1zA3c2UQ5NzH6how=="],

    "mri": ["mri@1.2.0", "", {}, "sha512-tzzskb3bG8LvYGFF/mDTpq3jpI6Q9wc3LEmBaghu+DdCssd1FakN7Bc0hVNmEyGq1bq3RgfkCb3cmQLpNPOroA=="],

    "p-limit": ["p-limit@7.3.0", "", { "dependencies": { "yocto-queue": "^1.2.1" } }, "sha512-7cIXg/Z0M5WZRblrsOla88S4wAK+zOQQWeBYfV3qJuJXMr+LnbYjaadrFaS0JILfEDPVqHyKnZ1Z/1d6J9VVUw=="],

    "pickier": ["pickier@0.1.20", "", { "dependencies": { "@stacksjs/clapp": "^0.2.0", "p-limit": "^7.2.0", "tinyglobby": "^0.2.15" }, "bin": { "pickier": "./dist/bin/cli.js" } }, "sha512-IC95MIW4hv4/b64HMQjv/VbtvTMUz2uX7qqqcJwaAg5fJecETSx/fZLVoFSeGAEtpzADW5n09BevV4XErNzgLg=="],

    "picomatch": ["picomatch@4.0.3", "", {}, "sha512-5gTmgEY/sqK6gFXLIsQNH19lWb4ebPDLA4SdLP7dsWkIXHWlG66oPuVvXSGFPppYZz8ZDZq0dYYrbHfBCVUb1Q=="],

    "prompts": ["prompts@2.4.2", "", { "dependencies": { "kleur": "^3.0.3", "sisteransi": "^1.0.5" } }, "sha512-NxNv/kLguCA7p3jE8oL2aEBsrJWgAakBpgmgK6lpPWV+WuOmY6r2/zbAVnP+T8bQlA0nzHXSJSJW0Hq7ylaD2Q=="],

    "seedrandom": ["seedrandom@3.0.5", "", {}, "sha512-8OwmbklUNzwezjGInmZ+2clQmExQPvomqjL7LFqOYqtmuxRgQYqOD3mHaU+MvZn5FLUeVxVfQjwLZW/n/JFuqg=="],

    "sisteransi": ["sisteransi@1.0.5", "", {}, "sha512-bLGGlR1QxBcynn2d5YmDX4MGjlZvy2MRBDRNHLJ8VI6l6+9FUiyTFNJ0IveOSP0bcXgVDPRcfGqA0pjaqUpfVg=="],

    "string-width": ["string-width@7.2.0", "", { "dependencies": { "emoji-regex": "^10.3.0", "get-east-asian-width": "^1.0.0", "strip-ansi": "^7.1.0" } }, "sha512-tsaTIkKW9b4N+AEj+SVA+WhJzV7/zMhcSu78mLKWSk7cXMOSHsBKFWUs0fWwq8QyK3MgJBQRX6Gbi4kYbdvGkQ=="],

    "strip-ansi": ["strip-ansi@7.2.0", "", { "dependencies": { "ansi-regex": "^6.2.2" } }, "sha512-yDPMNjp4WyfYBkHnjIRLfca1i6KMyGCtsVgoKe/z1+6vukgaENdgGBZt+ZmKPc4gavvEZ5OgHfHdrazhgNyG7w=="],

    "strnum": ["strnum@2.2.0", "", {}, "sha512-Y7Bj8XyJxnPAORMZj/xltsfo55uOiyHcU2tnAVzHUnSJR/KsEX+9RoDeXEnsXtl/CX4fAcrt64gZ13aGaWPeBg=="],

    "tinybench": ["tinybench@5.1.0", "", {}, "sha512-LXKNtFualiKOm6gADe1UXPtf8+Nfn1CtPMEHAT33Fd2YjQatrujkDcK0+4wRC1X6t7fxUDXUs6BsvuIgfkDgDg=="],

    "tinyglobby": ["tinyglobby@0.2.15", "", { "dependencies": { "fdir": "^6.5.0", "picomatch": "^4.0.3" } }, "sha512-j2Zq4NyQYG5XMST4cbs02Ak8iJUdxRM0XI5QyxXuZOzKOINmWurp3smXu3y5wDcJrptwpSjgXHzIQxR0omXljQ=="],

    "ts-cloud-aws-types": ["ts-cloud-aws-types@0.1.11", "", {}, "sha512-z/crXrHhcSr851k3dbj3NDvnsAQbCJSyPqJcxoVvt4FLNndg+jfv2gM2VXLt7qphIP3G2W8gz6CtG2LSNV//tA=="],

    "ts-cloud-core": ["ts-cloud-core@0.1.11", "", { "dependencies": { "ts-cloud-aws-types": "0.1.11", "ts-cloud-types": "0.1.11" } }, "sha512-rRtDxJrm+Jhkf3CEt+o7X7h1FaiGgopw5bmtePe18hbfXcgnghACI6vZUdq/48OsLZex3DdE05uy+1txSKbitg=="],

    "ts-cloud-types": ["ts-cloud-types@0.1.11", "", {}, "sha512-5AKUjqIQwRVnK1NdgPqK2Zwq9Wlf5EVCCBjISTX9WjZH9C8ayhzL7GnqJGy/tPJ3YAY7KPrTEJmjk3+IVoWjUA=="],

    "ts-error-handling": ["ts-error-handling@0.1.1", "", {}, "sha512-d4VqdX0bJ+jvOYNsY58isJgrEr806Q9cjef5+1UO/kIn1M/+YYSwpR6fqdRhn9XXVASJLSzNmcnBSdl0fRCjDg=="],

    "ts-mocker": ["ts-mocker@workspace:packages/core"],

    "ts-pkgx": ["ts-pkgx@0.4.154", "", { "dependencies": { "ts-web-scraper": "^0.1.1" }, "bin": { "ts-pkgx": "dist/bin/cli.js" } }, "sha512-ScxXuLzVvgm1YDbHHz9IRxqnU9vHobZsou61RtTTeCcWov+KLaa3msMwgztr6GrFmGRETkLaTbUU4fOajlHx4w=="],

    "ts-web-scraper": ["ts-web-scraper@0.1.1", "", { "bin": { "scraper": "dist/bin/cli.js" } }, "sha512-js+gSRe95yDD9U3+GmjvIKBYLAN9WoZKV84x7HcSI7dqdWEIoZSeSGR/Jbr8f5hCeV9FD70KdTPIS2LQwviQXQ=="],

    "typescript": ["typescript@5.9.3", "", { "bin": { "tsc": "bin/tsc", "tsserver": "bin/tsserver" } }, "sha512-jl1vZzPDinLr9eUt3J/t7V6FgNEw9QjvBPdysz9KfQDD41fQrC2Y4vKQdiaUpFT4bXlb1RHhLpp8wtm6M5TgSw=="],

    "undici-types": ["undici-types@7.18.2", "", {}, "sha512-AsuCzffGHJybSaRrmr5eHr81mwJU3kjw6M+uprWvCXiNeN9SOGwQ3Jn8jb8m3Z6izVgknn1R0FTCEAP2QrLY/w=="],

    "uuid": ["uuid@8.3.2", "", { "bin": { "uuid": "dist/bin/uuid" } }, "sha512-+NYs2QeMWy+GWFOEm9xnn6HCDp0l7QBD7ml8zLUmJ+93Q5NF0NocErnwkTkXVFNiX3/fpC6afS8Dhb/gz7R7eg=="],

    "wrap-ansi": ["wrap-ansi@9.0.2", "", { "dependencies": { "ansi-styles": "^6.2.1", "string-width": "^7.0.0", "strip-ansi": "^7.1.0" } }, "sha512-42AtmgqjV+X1VpdOfyTGOYRi0/zsoLqtXQckTmqTeybT+BDIbM/Guxo7x3pE2vtpr1ok6xRqM9OpBe+Jyoqyww=="],

    "yocto-queue": ["yocto-queue@1.2.2", "", {}, "sha512-4LCcse/U2MHZ63HAJVE+v71o7yOdIe4cZ70Wpf8D/IyjDKYQLV5GD46B+hSTjJsvV5PztjvHoU580EftxjDZFQ=="],
  }
}
